
Microsoft Visual Studio Solution File, Format Version 12.00
# Visual Studio Version 17
VisualStudioVersion = 17.9.34701.34
MinimumVisualStudioVersion = 10.0.40219.1
Project("{FAE04EC0-301F-11D3-BF4B-00C04F79EFBC}") = "Class01_Exercise01", "Class01_Exercise01\Class01_Exercise01.csproj", "{4F30FF27-89CD-4AB3-A5E0-7ECF2A0F0831}"
EndProject
Global
	GlobalSection(SolutionConfigurationPlatforms) = preSolution
		Debug|Any CPU = Debug|Any CPU
		Release|Any CPU = Release|Any CPU
	EndGlobalSection
	GlobalSection(ProjectConfigurationPlatforms) = postSolution
		{4F30FF27-89CD-4AB3-A5E0-7ECF2A0F0831}.Debug|Any CPU.ActiveCfg = Debug|Any CPU
		{4F30FF27-89CD-4AB3-A5E0-7ECF2A0F0831}.Debug|Any CPU.Build.0 = Debug|Any CPU
		{4F30FF27-89CD-4AB3-A5E0-7ECF2A0F0831}.Release|Any CPU.ActiveCfg = Release|Any CPU
		{4F30FF27-89CD-4AB3-A5E0-7ECF2A0F0831}.Release|Any CPU.Build.0 = Release|Any CPU
	EndGlobalSection
	GlobalSection(SolutionProperties) = preSolution
		HideSolutionNode = FALSE
	EndGlobalSection
	GlobalSection(ExtensibilityGlobals) = postSolution
		SolutionGuid = {67E8B5DD-252E-4F92-920A-9BC4A59D646B}
	EndGlobalSection
EndGlobal
