
Microsoft Visual Studio Solution File, Format Version 12.00
# Visual Studio Version 17
VisualStudioVersion = 17.9.34701.34
MinimumVisualStudioVersion = 10.0.40219.1
Project("{FAE04EC0-301F-11D3-BF4B-00C04F79EFBC}") = "TaxiManagerApp", "TaxiManagerApp\TaxiManagerApp.csproj", "{C2A44168-720A-4E96-A315-F4E4F7C5DD0A}"
EndProject
Project("{FAE04EC0-301F-11D3-BF4B-00C04F79EFBC}") = "Models", "Models\Models.csproj", "{9B59AE56-9086-48DB-B08B-8F5F11DCA237}"
EndProject
Project("{FAE04EC0-301F-11D3-BF4B-00C04F79EFBC}") = "DataAccess", "DataAccess\DataAccess.csproj", "{534A1D4C-BFB3-4C8B-B3E6-A2C6DFED0C0A}"
EndProject
Global
	GlobalSection(SolutionConfigurationPlatforms) = preSolution
		Debug|Any CPU = Debug|Any CPU
		Release|Any CPU = Release|Any CPU
	EndGlobalSection
	GlobalSection(ProjectConfigurationPlatforms) = postSolution
		{C2A44168-720A-4E96-A315-F4E4F7C5DD0A}.Debug|Any CPU.ActiveCfg = Debug|Any CPU
		{C2A44168-720A-4E96-A315-F4E4F7C5DD0A}.Debug|Any CPU.Build.0 = Debug|Any CPU
		{C2A44168-720A-4E96-A315-F4E4F7C5DD0A}.Release|Any CPU.ActiveCfg = Release|Any CPU
		{C2A44168-720A-4E96-A315-F4E4F7C5DD0A}.Release|Any CPU.Build.0 = Release|Any CPU
		{9B59AE56-9086-48DB-B08B-8F5F11DCA237}.Debug|Any CPU.ActiveCfg = Debug|Any CPU
		{9B59AE56-9086-48DB-B08B-8F5F11DCA237}.Debug|Any CPU.Build.0 = Debug|Any CPU
		{9B59AE56-9086-48DB-B08B-8F5F11DCA237}.Release|Any CPU.ActiveCfg = Release|Any CPU
		{9B59AE56-9086-48DB-B08B-8F5F11DCA237}.Release|Any CPU.Build.0 = Release|Any CPU
		{534A1D4C-BFB3-4C8B-B3E6-A2C6DFED0C0A}.Debug|Any CPU.ActiveCfg = Debug|Any CPU
		{534A1D4C-BFB3-4C8B-B3E6-A2C6DFED0C0A}.Debug|Any CPU.Build.0 = Debug|Any CPU
		{534A1D4C-BFB3-4C8B-B3E6-A2C6DFED0C0A}.Release|Any CPU.ActiveCfg = Release|Any CPU
		{534A1D4C-BFB3-4C8B-B3E6-A2C6DFED0C0A}.Release|Any CPU.Build.0 = Release|Any CPU
	EndGlobalSection
	GlobalSection(SolutionProperties) = preSolution
		HideSolutionNode = FALSE
	EndGlobalSection
	GlobalSection(ExtensibilityGlobals) = postSolution
		SolutionGuid = {853837FE-2A48-45B8-A930-903129920CD3}
	EndGlobalSection
EndGlobal
