
Microsoft Visual Studio Solution File, Format Version 12.00
# Visual Studio Version 17
VisualStudioVersion = 17.9.34701.34
MinimumVisualStudioVersion = 10.0.40219.1
Project("{FAE04EC0-301F-11D3-BF4B-00C04F79EFBC}") = "Class04_GenericDemo", "Class04_GenericDemo\Class04_GenericDemo.csproj", "{FC7A4A55-E847-4493-BADC-24946579F6D7}"
EndProject
Global
	GlobalSection(SolutionConfigurationPlatforms) = preSolution
		Debug|Any CPU = Debug|Any CPU
		Release|Any CPU = Release|Any CPU
	EndGlobalSection
	GlobalSection(ProjectConfigurationPlatforms) = postSolution
		{FC7A4A55-E847-4493-BADC-24946579F6D7}.Debug|Any CPU.ActiveCfg = Debug|Any CPU
		{FC7A4A55-E847-4493-BADC-24946579F6D7}.Debug|Any CPU.Build.0 = Debug|Any CPU
		{FC7A4A55-E847-4493-BADC-24946579F6D7}.Release|Any CPU.ActiveCfg = Release|Any CPU
		{FC7A4A55-E847-4493-BADC-24946579F6D7}.Release|Any CPU.Build.0 = Release|Any CPU
	EndGlobalSection
	GlobalSection(SolutionProperties) = preSolution
		HideSolutionNode = FALSE
	EndGlobalSection
	GlobalSection(ExtensibilityGlobals) = postSolution
		SolutionGuid = {99E9007F-BACF-4431-9B59-3BBC59F3FF6E}
	EndGlobalSection
EndGlobal
