
Microsoft Visual Studio Solution File, Format Version 12.00
# Visual Studio Version 17
VisualStudioVersion = 17.9.34616.47
MinimumVisualStudioVersion = 10.0.40219.1
Project("{FAE04EC0-301F-11D3-BF4B-00C04F79EFBC}") = "QinshiftAcademy.Class04.RetroExercise", "QinshiftAcademy.Class04.RetroExercise\QinshiftAcademy.Class04.RetroExercise.csproj", "{8E75C82B-BC34-435E-8494-6A5ED91F505A}"
EndProject
Global
	GlobalSection(SolutionConfigurationPlatforms) = preSolution
		Debug|Any CPU = Debug|Any CPU
		Release|Any CPU = Release|Any CPU
	EndGlobalSection
	GlobalSection(ProjectConfigurationPlatforms) = postSolution
		{8E75C82B-BC34-435E-8494-6A5ED91F505A}.Debug|Any CPU.ActiveCfg = Debug|Any CPU
		{8E75C82B-BC34-435E-8494-6A5ED91F505A}.Debug|Any CPU.Build.0 = Debug|Any CPU
		{8E75C82B-BC34-435E-8494-6A5ED91F505A}.Release|Any CPU.ActiveCfg = Release|Any CPU
		{8E75C82B-BC34-435E-8494-6A5ED91F505A}.Release|Any CPU.Build.0 = Release|Any CPU
	EndGlobalSection
	GlobalSection(SolutionProperties) = preSolution
		HideSolutionNode = FALSE
	EndGlobalSection
	GlobalSection(ExtensibilityGlobals) = postSolution
		SolutionGuid = {A7B0F1E7-9EBA-4250-B047-428CC78CE42C}
	EndGlobalSection
EndGlobal
