
Microsoft Visual Studio Solution File, Format Version 12.00
# Visual Studio Version 17
VisualStudioVersion = 17.9.34701.34
MinimumVisualStudioVersion = 10.0.40219.1
Project("{FAE04EC0-301F-11D3-BF4B-00C04F79EFBC}") = "Class04_ExtensionDemo", "Class04_ExtensionDemo\Class04_ExtensionDemo.csproj", "{2E6492ED-9470-48BA-A12F-8B52322F1790}"
EndProject
Project("{FAE04EC0-301F-11D3-BF4B-00C04F79EFBC}") = "Helpers", "Helpers\Helpers.csproj", "{ECD5FEE4-414A-46E1-81EC-7425D3FECAF7}"
EndProject
Global
	GlobalSection(SolutionConfigurationPlatforms) = preSolution
		Debug|Any CPU = Debug|Any CPU
		Release|Any CPU = Release|Any CPU
	EndGlobalSection
	GlobalSection(ProjectConfigurationPlatforms) = postSolution
		{2E6492ED-9470-48BA-A12F-8B52322F1790}.Debug|Any CPU.ActiveCfg = Debug|Any CPU
		{2E6492ED-9470-48BA-A12F-8B52322F1790}.Debug|Any CPU.Build.0 = Debug|Any CPU
		{2E6492ED-9470-48BA-A12F-8B52322F1790}.Release|Any CPU.ActiveCfg = Release|Any CPU
		{2E6492ED-9470-48BA-A12F-8B52322F1790}.Release|Any CPU.Build.0 = Release|Any CPU
		{ECD5FEE4-414A-46E1-81EC-7425D3FECAF7}.Debug|Any CPU.ActiveCfg = Debug|Any CPU
		{ECD5FEE4-414A-46E1-81EC-7425D3FECAF7}.Debug|Any CPU.Build.0 = Debug|Any CPU
		{ECD5FEE4-414A-46E1-81EC-7425D3FECAF7}.Release|Any CPU.ActiveCfg = Release|Any CPU
		{ECD5FEE4-414A-46E1-81EC-7425D3FECAF7}.Release|Any CPU.Build.0 = Release|Any CPU
	EndGlobalSection
	GlobalSection(SolutionProperties) = preSolution
		HideSolutionNode = FALSE
	EndGlobalSection
	GlobalSection(ExtensibilityGlobals) = postSolution
		SolutionGuid = {23431EA7-80A1-478A-A456-74E7925DBF19}
	EndGlobalSection
EndGlobal
