
Microsoft Visual Studio Solution File, Format Version 12.00
# Visual Studio Version 17
VisualStudioVersion = 17.9.34616.47
MinimumVisualStudioVersion = 10.0.40219.1
Project("{FAE04EC0-301F-11D3-BF4B-00C04F79EFBC}") = "QinshiftAcademy.Class06.AnonymousMethods", "QinshiftAcademy.Class06.AnonymousMethods\QinshiftAcademy.Class06.AnonymousMethods.csproj", "{176E390B-83A3-44BC-AA55-8266DCA523DE}"
EndProject
Global
	GlobalSection(SolutionConfigurationPlatforms) = preSolution
		Debug|Any CPU = Debug|Any CPU
		Release|Any CPU = Release|Any CPU
	EndGlobalSection
	GlobalSection(ProjectConfigurationPlatforms) = postSolution
		{176E390B-83A3-44BC-AA55-8266DCA523DE}.Debug|Any CPU.ActiveCfg = Debug|Any CPU
		{176E390B-83A3-44BC-AA55-8266DCA523DE}.Debug|Any CPU.Build.0 = Debug|Any CPU
		{176E390B-83A3-44BC-AA55-8266DCA523DE}.Release|Any CPU.ActiveCfg = Release|Any CPU
		{176E390B-83A3-44BC-AA55-8266DCA523DE}.Release|Any CPU.Build.0 = Release|Any CPU
	EndGlobalSection
	GlobalSection(SolutionProperties) = preSolution
		HideSolutionNode = FALSE
	EndGlobalSection
	GlobalSection(ExtensibilityGlobals) = postSolution
		SolutionGuid = {41693DCB-68AA-43E6-AB13-F05B3120A435}
	EndGlobalSection
EndGlobal
