
Microsoft Visual Studio Solution File, Format Version 12.00
# Visual Studio Version 17
VisualStudioVersion = 17.9.34616.47
MinimumVisualStudioVersion = 10.0.40219.1
Project("{FAE04EC0-301F-11D3-BF4B-00C04F79EFBC}") = "QinshiftAcademy.Class05.RetroExercise.Domain", "QinshiftAcademy.Class05.RetroExercise.Domain\QinshiftAcademy.Class05.RetroExercise.Domain.csproj", "{432F7D54-042C-44C2-A3B2-04AFFB0944A1}"
EndProject
Project("{FAE04EC0-301F-11D3-BF4B-00C04F79EFBC}") = "QinshiftAcademy.Class05.RetroExercise", "QinshiftAcademy.Class05.RetroExercise\QinshiftAcademy.Class05.RetroExercise.csproj", "{90E44DA6-9162-4E87-8726-96D10CA5E800}"
EndProject
Global
	GlobalSection(SolutionConfigurationPlatforms) = preSolution
		Debug|Any CPU = Debug|Any CPU
		Release|Any CPU = Release|Any CPU
	EndGlobalSection
	GlobalSection(ProjectConfigurationPlatforms) = postSolution
		{432F7D54-042C-44C2-A3B2-04AFFB0944A1}.Debug|Any CPU.ActiveCfg = Debug|Any CPU
		{432F7D54-042C-44C2-A3B2-04AFFB0944A1}.Debug|Any CPU.Build.0 = Debug|Any CPU
		{432F7D54-042C-44C2-A3B2-04AFFB0944A1}.Release|Any CPU.ActiveCfg = Release|Any CPU
		{432F7D54-042C-44C2-A3B2-04AFFB0944A1}.Release|Any CPU.Build.0 = Release|Any CPU
		{90E44DA6-9162-4E87-8726-96D10CA5E800}.Debug|Any CPU.ActiveCfg = Debug|Any CPU
		{90E44DA6-9162-4E87-8726-96D10CA5E800}.Debug|Any CPU.Build.0 = Debug|Any CPU
		{90E44DA6-9162-4E87-8726-96D10CA5E800}.Release|Any CPU.ActiveCfg = Release|Any CPU
		{90E44DA6-9162-4E87-8726-96D10CA5E800}.Release|Any CPU.Build.0 = Release|Any CPU
	EndGlobalSection
	GlobalSection(SolutionProperties) = preSolution
		HideSolutionNode = FALSE
	EndGlobalSection
	GlobalSection(ExtensibilityGlobals) = postSolution
		SolutionGuid = {9BA16BE9-C941-4555-AF09-531DAD34940F}
	EndGlobalSection
EndGlobal
