
Microsoft Visual Studio Solution File, Format Version 12.00
# Visual Studio Version 17
VisualStudioVersion = 17.8.34330.188
MinimumVisualStudioVersion = 10.0.40219.1
Project("{FAE04EC0-301F-11D3-BF4B-00C04F79EFBC}") = "ExtensionMethods", "ExtensionMethods\ExtensionMethods.csproj", "{BF85E57A-D38A-455F-9727-6F5C3DFBA76B}"
EndProject
Project("{FAE04EC0-301F-11D3-BF4B-00C04F79EFBC}") = "Class04_RetroExercise01", "Class04_RetroExercise01\Class04_RetroExercise01.csproj", "{71DF7418-DBF4-43F4-932D-14A4F22FB92A}"
EndProject
Project("{FAE04EC0-301F-11D3-BF4B-00C04F79EFBC}") = "Class04_RetroExercise01.Domain", "Class04_RetroExercise01.Domain\Class04_RetroExercise01.Domain.csproj", "{2E37E291-787D-4DAE-A91F-4206F4D43AF0}"
EndProject
Project("{FAE04EC0-301F-11D3-BF4B-00C04F79EFBC}") = "AnonymousMethods", "AnonymousMethods\AnonymousMethods.csproj", "{714F0618-B11F-477A-9F37-D9CEF4012B13}"
EndProject
Global
	GlobalSection(SolutionConfigurationPlatforms) = preSolution
		Debug|Any CPU = Debug|Any CPU
		Release|Any CPU = Release|Any CPU
	EndGlobalSection
	GlobalSection(ProjectConfigurationPlatforms) = postSolution
		{BF85E57A-D38A-455F-9727-6F5C3DFBA76B}.Debug|Any CPU.ActiveCfg = Debug|Any CPU
		{BF85E57A-D38A-455F-9727-6F5C3DFBA76B}.Debug|Any CPU.Build.0 = Debug|Any CPU
		{BF85E57A-D38A-455F-9727-6F5C3DFBA76B}.Release|Any CPU.ActiveCfg = Release|Any CPU
		{BF85E57A-D38A-455F-9727-6F5C3DFBA76B}.Release|Any CPU.Build.0 = Release|Any CPU
		{71DF7418-DBF4-43F4-932D-14A4F22FB92A}.Debug|Any CPU.ActiveCfg = Debug|Any CPU
		{71DF7418-DBF4-43F4-932D-14A4F22FB92A}.Debug|Any CPU.Build.0 = Debug|Any CPU
		{71DF7418-DBF4-43F4-932D-14A4F22FB92A}.Release|Any CPU.ActiveCfg = Release|Any CPU
		{71DF7418-DBF4-43F4-932D-14A4F22FB92A}.Release|Any CPU.Build.0 = Release|Any CPU
		{2E37E291-787D-4DAE-A91F-4206F4D43AF0}.Debug|Any CPU.ActiveCfg = Debug|Any CPU
		{2E37E291-787D-4DAE-A91F-4206F4D43AF0}.Debug|Any CPU.Build.0 = Debug|Any CPU
		{2E37E291-787D-4DAE-A91F-4206F4D43AF0}.Release|Any CPU.ActiveCfg = Release|Any CPU
		{2E37E291-787D-4DAE-A91F-4206F4D43AF0}.Release|Any CPU.Build.0 = Release|Any CPU
		{714F0618-B11F-477A-9F37-D9CEF4012B13}.Debug|Any CPU.ActiveCfg = Debug|Any CPU
		{714F0618-B11F-477A-9F37-D9CEF4012B13}.Debug|Any CPU.Build.0 = Debug|Any CPU
		{714F0618-B11F-477A-9F37-D9CEF4012B13}.Release|Any CPU.ActiveCfg = Release|Any CPU
		{714F0618-B11F-477A-9F37-D9CEF4012B13}.Release|Any CPU.Build.0 = Release|Any CPU
	EndGlobalSection
	GlobalSection(SolutionProperties) = preSolution
		HideSolutionNode = FALSE
	EndGlobalSection
	GlobalSection(ExtensibilityGlobals) = postSolution
		SolutionGuid = {3ECA1D17-3768-48B9-A43D-C4B92D8771DD}
	EndGlobalSection
EndGlobal
