
Microsoft Visual Studio Solution File, Format Version 12.00
# Visual Studio Version 17
VisualStudioVersion = 17.9.34714.143
MinimumVisualStudioVersion = 10.0.40219.1
Project("{FAE04EC0-301F-11D3-BF4B-00C04F79EFBC}") = "Threads", "Threads\Threads.csproj", "{A851D87A-CF27-4753-B28B-4855FF18F905}"
EndProject
Project("{FAE04EC0-301F-11D3-BF4B-00C04F79EFBC}") = "Tasks", "Tasks\Tasks.csproj", "{A68F2104-A62D-4C01-BE42-4E2A17BA4527}"
EndProject
Project("{FAE04EC0-301F-11D3-BF4B-00C04F79EFBC}") = "AsyncAwait", "AsyncAwait\AsyncAwait.csproj", "{B4D4399F-D034-40A9-95E7-76E10D0EC28D}"
EndProject
Global
	GlobalSection(SolutionConfigurationPlatforms) = preSolution
		Debug|Any CPU = Debug|Any CPU
		Release|Any CPU = Release|Any CPU
	EndGlobalSection
	GlobalSection(ProjectConfigurationPlatforms) = postSolution
		{A851D87A-CF27-4753-B28B-4855FF18F905}.Debug|Any CPU.ActiveCfg = Debug|Any CPU
		{A851D87A-CF27-4753-B28B-4855FF18F905}.Debug|Any CPU.Build.0 = Debug|Any CPU
		{A851D87A-CF27-4753-B28B-4855FF18F905}.Release|Any CPU.ActiveCfg = Release|Any CPU
		{A851D87A-CF27-4753-B28B-4855FF18F905}.Release|Any CPU.Build.0 = Release|Any CPU
		{A68F2104-A62D-4C01-BE42-4E2A17BA4527}.Debug|Any CPU.ActiveCfg = Debug|Any CPU
		{A68F2104-A62D-4C01-BE42-4E2A17BA4527}.Debug|Any CPU.Build.0 = Debug|Any CPU
		{A68F2104-A62D-4C01-BE42-4E2A17BA4527}.Release|Any CPU.ActiveCfg = Release|Any CPU
		{A68F2104-A62D-4C01-BE42-4E2A17BA4527}.Release|Any CPU.Build.0 = Release|Any CPU
		{B4D4399F-D034-40A9-95E7-76E10D0EC28D}.Debug|Any CPU.ActiveCfg = Debug|Any CPU
		{B4D4399F-D034-40A9-95E7-76E10D0EC28D}.Debug|Any CPU.Build.0 = Debug|Any CPU
		{B4D4399F-D034-40A9-95E7-76E10D0EC28D}.Release|Any CPU.ActiveCfg = Release|Any CPU
		{B4D4399F-D034-40A9-95E7-76E10D0EC28D}.Release|Any CPU.Build.0 = Release|Any CPU
	EndGlobalSection
	GlobalSection(SolutionProperties) = preSolution
		HideSolutionNode = FALSE
	EndGlobalSection
	GlobalSection(ExtensibilityGlobals) = postSolution
		SolutionGuid = {F5964D94-94CA-44FA-878A-B25F5C200344}
	EndGlobalSection
EndGlobal
