
Microsoft Visual Studio Solution File, Format Version 12.00
# Visual Studio Version 17
VisualStudioVersion = 17.8.34330.188
MinimumVisualStudioVersion = 10.0.40219.1
Project("{9A19103F-16F7-4668-BE54-9A1E7A4F7556}") = "AbstractClassesAndInterfaces", "AbstractClassesAndInterfaces\AbstractClassesAndInterfaces.csproj", "{878C65C8-FC97-4860-A266-96423EFC109D}"
EndProject
Project("{9A19103F-16F7-4668-BE54-9A1E7A4F7556}") = "AbstractClassesAndInterface.Domain", "AbstractClassesAndInterface.Domain\AbstractClassesAndInterface.Domain.csproj", "{D459D8C9-1EEC-420C-99AB-829A89A179A3}"
EndProject
Project("{9A19103F-16F7-4668-BE54-9A1E7A4F7556}") = "Exercise01", "Exercise01\Exercise01.csproj", "{4C5398E9-ABD5-4EE9-A14F-3BD928DF70D5}"
EndProject
Project("{FAE04EC0-301F-11D3-BF4B-00C04F79EFBC}") = "Exercise01.App", "Exercise01.App\Exercise01.App.csproj", "{8722E615-C3AD-4D7E-84D2-5770CADDA8F5}"
EndProject
Global
	GlobalSection(SolutionConfigurationPlatforms) = preSolution
		Debug|Any CPU = Debug|Any CPU
		Release|Any CPU = Release|Any CPU
	EndGlobalSection
	GlobalSection(ProjectConfigurationPlatforms) = postSolution
		{878C65C8-FC97-4860-A266-96423EFC109D}.Debug|Any CPU.ActiveCfg = Debug|Any CPU
		{878C65C8-FC97-4860-A266-96423EFC109D}.Debug|Any CPU.Build.0 = Debug|Any CPU
		{878C65C8-FC97-4860-A266-96423EFC109D}.Release|Any CPU.ActiveCfg = Release|Any CPU
		{878C65C8-FC97-4860-A266-96423EFC109D}.Release|Any CPU.Build.0 = Release|Any CPU
		{D459D8C9-1EEC-420C-99AB-829A89A179A3}.Debug|Any CPU.ActiveCfg = Debug|Any CPU
		{D459D8C9-1EEC-420C-99AB-829A89A179A3}.Debug|Any CPU.Build.0 = Debug|Any CPU
		{D459D8C9-1EEC-420C-99AB-829A89A179A3}.Release|Any CPU.ActiveCfg = Release|Any CPU
		{D459D8C9-1EEC-420C-99AB-829A89A179A3}.Release|Any CPU.Build.0 = Release|Any CPU
		{4C5398E9-ABD5-4EE9-A14F-3BD928DF70D5}.Debug|Any CPU.ActiveCfg = Debug|Any CPU
		{4C5398E9-ABD5-4EE9-A14F-3BD928DF70D5}.Debug|Any CPU.Build.0 = Debug|Any CPU
		{4C5398E9-ABD5-4EE9-A14F-3BD928DF70D5}.Release|Any CPU.ActiveCfg = Release|Any CPU
		{4C5398E9-ABD5-4EE9-A14F-3BD928DF70D5}.Release|Any CPU.Build.0 = Release|Any CPU
		{8722E615-C3AD-4D7E-84D2-5770CADDA8F5}.Debug|Any CPU.ActiveCfg = Debug|Any CPU
		{8722E615-C3AD-4D7E-84D2-5770CADDA8F5}.Debug|Any CPU.Build.0 = Debug|Any CPU
		{8722E615-C3AD-4D7E-84D2-5770CADDA8F5}.Release|Any CPU.ActiveCfg = Release|Any CPU
		{8722E615-C3AD-4D7E-84D2-5770CADDA8F5}.Release|Any CPU.Build.0 = Release|Any CPU
	EndGlobalSection
	GlobalSection(SolutionProperties) = preSolution
		HideSolutionNode = FALSE
	EndGlobalSection
	GlobalSection(ExtensibilityGlobals) = postSolution
		SolutionGuid = {957CD545-18C9-498A-A453-A1DAFD6FB326}
	EndGlobalSection
EndGlobal
