
Microsoft Visual Studio Solution File, Format Version 12.00
# Visual Studio Version 17
VisualStudioVersion = 17.9.34616.47
MinimumVisualStudioVersion = 10.0.40219.1
Project("{FAE04EC0-301F-11D3-BF4B-00C04F79EFBC}") = "QinshiftAcademy.Class03.StaticClasses.Domain", "QinshiftAcademy.Class03.StaticClasses.Domain\QinshiftAcademy.Class03.StaticClasses.Domain.csproj", "{B60FBF8B-79FC-406A-A25D-A8973FB3CB18}"
EndProject
Project("{FAE04EC0-301F-11D3-BF4B-00C04F79EFBC}") = "QinshiftAcademy.Class03.StaticClasses", "QinshiftAcademy.Class03.StaticClasses\QinshiftAcademy.Class03.StaticClasses.csproj", "{D702AD96-88A1-40BB-9BA4-498B5BF9F92A}"
EndProject
Global
	GlobalSection(SolutionConfigurationPlatforms) = preSolution
		Debug|Any CPU = Debug|Any CPU
		Release|Any CPU = Release|Any CPU
	EndGlobalSection
	GlobalSection(ProjectConfigurationPlatforms) = postSolution
		{B60FBF8B-79FC-406A-A25D-A8973FB3CB18}.Debug|Any CPU.ActiveCfg = Debug|Any CPU
		{B60FBF8B-79FC-406A-A25D-A8973FB3CB18}.Debug|Any CPU.Build.0 = Debug|Any CPU
		{B60FBF8B-79FC-406A-A25D-A8973FB3CB18}.Release|Any CPU.ActiveCfg = Release|Any CPU
		{B60FBF8B-79FC-406A-A25D-A8973FB3CB18}.Release|Any CPU.Build.0 = Release|Any CPU
		{D702AD96-88A1-40BB-9BA4-498B5BF9F92A}.Debug|Any CPU.ActiveCfg = Debug|Any CPU
		{D702AD96-88A1-40BB-9BA4-498B5BF9F92A}.Debug|Any CPU.Build.0 = Debug|Any CPU
		{D702AD96-88A1-40BB-9BA4-498B5BF9F92A}.Release|Any CPU.ActiveCfg = Release|Any CPU
		{D702AD96-88A1-40BB-9BA4-498B5BF9F92A}.Release|Any CPU.Build.0 = Release|Any CPU
	EndGlobalSection
	GlobalSection(SolutionProperties) = preSolution
		HideSolutionNode = FALSE
	EndGlobalSection
	GlobalSection(ExtensibilityGlobals) = postSolution
		SolutionGuid = {42A2F074-AAB0-436F-A139-4322D0099406}
	EndGlobalSection
EndGlobal
