
Microsoft Visual Studio Solution File, Format Version 12.00
# Visual Studio Version 17
VisualStudioVersion = 17.9.34701.34
MinimumVisualStudioVersion = 10.0.40219.1
Project("{FAE04EC0-301F-11D3-BF4B-00C04F79EFBC}") = "Meteo_App", "Meteo_App\Meteo_App.csproj", "{900FF94A-B59E-421C-B3C4-9D06FCE50BAF}"
EndProject
Project("{FAE04EC0-301F-11D3-BF4B-00C04F79EFBC}") = "Models", "Models\Models.csproj", "{A7FF7734-D242-4F1D-B156-75FB46E3F25B}"
EndProject
Project("{FAE04EC0-301F-11D3-BF4B-00C04F79EFBC}") = "Services", "Services\Services.csproj", "{B30A21CF-898E-4BC5-B5AE-8571FFEFE95B}"
EndProject
Global
	GlobalSection(SolutionConfigurationPlatforms) = preSolution
		Debug|Any CPU = Debug|Any CPU
		Release|Any CPU = Release|Any CPU
	EndGlobalSection
	GlobalSection(ProjectConfigurationPlatforms) = postSolution
		{900FF94A-B59E-421C-B3C4-9D06FCE50BAF}.Debug|Any CPU.ActiveCfg = Debug|Any CPU
		{900FF94A-B59E-421C-B3C4-9D06FCE50BAF}.Debug|Any CPU.Build.0 = Debug|Any CPU
		{900FF94A-B59E-421C-B3C4-9D06FCE50BAF}.Release|Any CPU.ActiveCfg = Release|Any CPU
		{900FF94A-B59E-421C-B3C4-9D06FCE50BAF}.Release|Any CPU.Build.0 = Release|Any CPU
		{A7FF7734-D242-4F1D-B156-75FB46E3F25B}.Debug|Any CPU.ActiveCfg = Debug|Any CPU
		{A7FF7734-D242-4F1D-B156-75FB46E3F25B}.Debug|Any CPU.Build.0 = Debug|Any CPU
		{A7FF7734-D242-4F1D-B156-75FB46E3F25B}.Release|Any CPU.ActiveCfg = Release|Any CPU
		{A7FF7734-D242-4F1D-B156-75FB46E3F25B}.Release|Any CPU.Build.0 = Release|Any CPU
		{B30A21CF-898E-4BC5-B5AE-8571FFEFE95B}.Debug|Any CPU.ActiveCfg = Debug|Any CPU
		{B30A21CF-898E-4BC5-B5AE-8571FFEFE95B}.Debug|Any CPU.Build.0 = Debug|Any CPU
		{B30A21CF-898E-4BC5-B5AE-8571FFEFE95B}.Release|Any CPU.ActiveCfg = Release|Any CPU
		{B30A21CF-898E-4BC5-B5AE-8571FFEFE95B}.Release|Any CPU.Build.0 = Release|Any CPU
	EndGlobalSection
	GlobalSection(SolutionProperties) = preSolution
		HideSolutionNode = FALSE
	EndGlobalSection
	GlobalSection(ExtensibilityGlobals) = postSolution
		SolutionGuid = {50D884C3-9D78-4182-B290-C18A2E8DF77C}
	EndGlobalSection
EndGlobal
