
Microsoft Visual Studio Solution File, Format Version 12.00
# Visual Studio Version 17
VisualStudioVersion = 17.9.34701.34
MinimumVisualStudioVersion = 10.0.40219.1
Project("{FAE04EC0-301F-11D3-BF4B-00C04F79EFBC}") = "Class02_InterfaceDemo", "Class02_InterfaceDemo\Class02_InterfaceDemo.csproj", "{F2E3462C-1DBB-4134-A6D6-E66CAA3C48E8}"
EndProject
Project("{FAE04EC0-301F-11D3-BF4B-00C04F79EFBC}") = "Service", "Service\Service.csproj", "{8756C7AF-4296-4451-86D0-67A01A87A064}"
EndProject
Global
	GlobalSection(SolutionConfigurationPlatforms) = preSolution
		Debug|Any CPU = Debug|Any CPU
		Release|Any CPU = Release|Any CPU
	EndGlobalSection
	GlobalSection(ProjectConfigurationPlatforms) = postSolution
		{F2E3462C-1DBB-4134-A6D6-E66CAA3C48E8}.Debug|Any CPU.ActiveCfg = Debug|Any CPU
		{F2E3462C-1DBB-4134-A6D6-E66CAA3C48E8}.Debug|Any CPU.Build.0 = Debug|Any CPU
		{F2E3462C-1DBB-4134-A6D6-E66CAA3C48E8}.Release|Any CPU.ActiveCfg = Release|Any CPU
		{F2E3462C-1DBB-4134-A6D6-E66CAA3C48E8}.Release|Any CPU.Build.0 = Release|Any CPU
		{8756C7AF-4296-4451-86D0-67A01A87A064}.Debug|Any CPU.ActiveCfg = Debug|Any CPU
		{8756C7AF-4296-4451-86D0-67A01A87A064}.Debug|Any CPU.Build.0 = Debug|Any CPU
		{8756C7AF-4296-4451-86D0-67A01A87A064}.Release|Any CPU.ActiveCfg = Release|Any CPU
		{8756C7AF-4296-4451-86D0-67A01A87A064}.Release|Any CPU.Build.0 = Release|Any CPU
	EndGlobalSection
	GlobalSection(SolutionProperties) = preSolution
		HideSolutionNode = FALSE
	EndGlobalSection
	GlobalSection(ExtensibilityGlobals) = postSolution
		SolutionGuid = {94A86F23-4628-42A3-9FF2-8B1D0159F734}
	EndGlobalSection
EndGlobal
