
Microsoft Visual Studio Solution File, Format Version 12.00
# Visual Studio Version 17
VisualStudioVersion = 17.8.34330.188
MinimumVisualStudioVersion = 10.0.40219.1
Project("{FAE04EC0-301F-11D3-BF4B-00C04F79EFBC}") = "Polymorphism", "Polymorphism\Polymorphism.csproj", "{9524139A-6A32-41D3-B0B9-0B07D2556FAF}"
EndProject
Project("{FAE04EC0-301F-11D3-BF4B-00C04F79EFBC}") = "Polymorphism.Domain", "Polymorphism.Domain\Polymorphism.Domain.csproj", "{F52B29FB-44C2-4A68-9484-0153F74668E5}"
EndProject
Project("{FAE04EC0-301F-11D3-BF4B-00C04F79EFBC}") = "Exercise01_Class03", "Exercise01_Class03\Exercise01_Class03.csproj", "{963655DD-4AEC-435D-8179-BB69BE072682}"
EndProject
Project("{FAE04EC0-301F-11D3-BF4B-00C04F79EFBC}") = "Generics", "Generics\Generics.csproj", "{EC8DE934-309F-4BCF-9314-4BAD053B7C4B}"
EndProject
Project("{FAE04EC0-301F-11D3-BF4B-00C04F79EFBC}") = "Generics.Domain", "Generics.Domain\Generics.Domain.csproj", "{92875313-78A5-4846-BBE2-DC2C5E7A714F}"
EndProject
Global
	GlobalSection(SolutionConfigurationPlatforms) = preSolution
		Debug|Any CPU = Debug|Any CPU
		Release|Any CPU = Release|Any CPU
	EndGlobalSection
	GlobalSection(ProjectConfigurationPlatforms) = postSolution
		{9524139A-6A32-41D3-B0B9-0B07D2556FAF}.Debug|Any CPU.ActiveCfg = Debug|Any CPU
		{9524139A-6A32-41D3-B0B9-0B07D2556FAF}.Debug|Any CPU.Build.0 = Debug|Any CPU
		{9524139A-6A32-41D3-B0B9-0B07D2556FAF}.Release|Any CPU.ActiveCfg = Release|Any CPU
		{9524139A-6A32-41D3-B0B9-0B07D2556FAF}.Release|Any CPU.Build.0 = Release|Any CPU
		{F52B29FB-44C2-4A68-9484-0153F74668E5}.Debug|Any CPU.ActiveCfg = Debug|Any CPU
		{F52B29FB-44C2-4A68-9484-0153F74668E5}.Debug|Any CPU.Build.0 = Debug|Any CPU
		{F52B29FB-44C2-4A68-9484-0153F74668E5}.Release|Any CPU.ActiveCfg = Release|Any CPU
		{F52B29FB-44C2-4A68-9484-0153F74668E5}.Release|Any CPU.Build.0 = Release|Any CPU
		{963655DD-4AEC-435D-8179-BB69BE072682}.Debug|Any CPU.ActiveCfg = Debug|Any CPU
		{963655DD-4AEC-435D-8179-BB69BE072682}.Debug|Any CPU.Build.0 = Debug|Any CPU
		{963655DD-4AEC-435D-8179-BB69BE072682}.Release|Any CPU.ActiveCfg = Release|Any CPU
		{963655DD-4AEC-435D-8179-BB69BE072682}.Release|Any CPU.Build.0 = Release|Any CPU
		{EC8DE934-309F-4BCF-9314-4BAD053B7C4B}.Debug|Any CPU.ActiveCfg = Debug|Any CPU
		{EC8DE934-309F-4BCF-9314-4BAD053B7C4B}.Debug|Any CPU.Build.0 = Debug|Any CPU
		{EC8DE934-309F-4BCF-9314-4BAD053B7C4B}.Release|Any CPU.ActiveCfg = Release|Any CPU
		{EC8DE934-309F-4BCF-9314-4BAD053B7C4B}.Release|Any CPU.Build.0 = Release|Any CPU
		{92875313-78A5-4846-BBE2-DC2C5E7A714F}.Debug|Any CPU.ActiveCfg = Debug|Any CPU
		{92875313-78A5-4846-BBE2-DC2C5E7A714F}.Debug|Any CPU.Build.0 = Debug|Any CPU
		{92875313-78A5-4846-BBE2-DC2C5E7A714F}.Release|Any CPU.ActiveCfg = Release|Any CPU
		{92875313-78A5-4846-BBE2-DC2C5E7A714F}.Release|Any CPU.Build.0 = Release|Any CPU
	EndGlobalSection
	GlobalSection(SolutionProperties) = preSolution
		HideSolutionNode = FALSE
	EndGlobalSection
	GlobalSection(ExtensibilityGlobals) = postSolution
		SolutionGuid = {00FCA87B-95C6-4DA6-8EBD-A57356BDC8CB}
	EndGlobalSection
EndGlobal
