
Microsoft Visual Studio Solution File, Format Version 12.00
# Visual Studio Version 17
VisualStudioVersion = 17.9.34701.34
MinimumVisualStudioVersion = 10.0.40219.1
Project("{FAE04EC0-301F-11D3-BF4B-00C04F79EFBC}") = "Class11_Demo", "Class11_Demo\Class11_Demo.csproj", "{FC99F012-613D-4DD6-81CE-8CE9CB437368}"
EndProject
Project("{FAE04EC0-301F-11D3-BF4B-00C04F79EFBC}") = "Class11_NewtonsoftDemo", "Class11_NewtonsoftDemo\Class11_NewtonsoftDemo.csproj", "{F0448389-01C3-4902-BDDF-A80A396259F4}"
EndProject
Global
	GlobalSection(SolutionConfigurationPlatforms) = preSolution
		Debug|Any CPU = Debug|Any CPU
		Release|Any CPU = Release|Any CPU
	EndGlobalSection
	GlobalSection(ProjectConfigurationPlatforms) = postSolution
		{FC99F012-613D-4DD6-81CE-8CE9CB437368}.Debug|Any CPU.ActiveCfg = Debug|Any CPU
		{FC99F012-613D-4DD6-81CE-8CE9CB437368}.Debug|Any CPU.Build.0 = Debug|Any CPU
		{FC99F012-613D-4DD6-81CE-8CE9CB437368}.Release|Any CPU.ActiveCfg = Release|Any CPU
		{FC99F012-613D-4DD6-81CE-8CE9CB437368}.Release|Any CPU.Build.0 = Release|Any CPU
		{F0448389-01C3-4902-BDDF-A80A396259F4}.Debug|Any CPU.ActiveCfg = Debug|Any CPU
		{F0448389-01C3-4902-BDDF-A80A396259F4}.Debug|Any CPU.Build.0 = Debug|Any CPU
		{F0448389-01C3-4902-BDDF-A80A396259F4}.Release|Any CPU.ActiveCfg = Release|Any CPU
		{F0448389-01C3-4902-BDDF-A80A396259F4}.Release|Any CPU.Build.0 = Release|Any CPU
	EndGlobalSection
	GlobalSection(SolutionProperties) = preSolution
		HideSolutionNode = FALSE
	EndGlobalSection
	GlobalSection(ExtensibilityGlobals) = postSolution
		SolutionGuid = {7A13151B-C0E4-4E39-A0EC-DB6933894348}
	EndGlobalSection
EndGlobal
