
Microsoft Visual Studio Solution File, Format Version 12.00
# Visual Studio Version 17
VisualStudioVersion = 17.8.34330.188
MinimumVisualStudioVersion = 10.0.40219.1
Project("{FAE04EC0-301F-11D3-BF4B-00C04F79EFBC}") = "Exercise01", "Exercise01\Exercise01.csproj", "{696B9717-2786-4B67-9639-704B7C098DB3}"
EndProject
Project("{FAE04EC0-301F-11D3-BF4B-00C04F79EFBC}") = "Exercise02", "Exercise02\Exercise02.csproj", "{745159D4-DB4D-4EEB-99A9-B8B0C33213C0}"
EndProject
Global
	GlobalSection(SolutionConfigurationPlatforms) = preSolution
		Debug|Any CPU = Debug|Any CPU
		Release|Any CPU = Release|Any CPU
	EndGlobalSection
	GlobalSection(ProjectConfigurationPlatforms) = postSolution
		{696B9717-2786-4B67-9639-704B7C098DB3}.Debug|Any CPU.ActiveCfg = Debug|Any CPU
		{696B9717-2786-4B67-9639-704B7C098DB3}.Debug|Any CPU.Build.0 = Debug|Any CPU
		{696B9717-2786-4B67-9639-704B7C098DB3}.Release|Any CPU.ActiveCfg = Release|Any CPU
		{696B9717-2786-4B67-9639-704B7C098DB3}.Release|Any CPU.Build.0 = Release|Any CPU
		{745159D4-DB4D-4EEB-99A9-B8B0C33213C0}.Debug|Any CPU.ActiveCfg = Debug|Any CPU
		{745159D4-DB4D-4EEB-99A9-B8B0C33213C0}.Debug|Any CPU.Build.0 = Debug|Any CPU
		{745159D4-DB4D-4EEB-99A9-B8B0C33213C0}.Release|Any CPU.ActiveCfg = Release|Any CPU
		{745159D4-DB4D-4EEB-99A9-B8B0C33213C0}.Release|Any CPU.Build.0 = Release|Any CPU
	EndGlobalSection
	GlobalSection(SolutionProperties) = preSolution
		HideSolutionNode = FALSE
	EndGlobalSection
	GlobalSection(ExtensibilityGlobals) = postSolution
		SolutionGuid = {671A6C46-8A54-49CC-BF3C-2DA78E881A26}
	EndGlobalSection
EndGlobal
