
Microsoft Visual Studio Solution File, Format Version 12.00
# Visual Studio Version 17
VisualStudioVersion = 17.8.34330.188
MinimumVisualStudioVersion = 10.0.40219.1
Project("{9A19103F-16F7-4668-BE54-9A1E7A4F7556}") = "Threads", "Threads\Threads.csproj", "{1FE9F0CD-46E5-4021-BFD3-3AACD4100A30}"
EndProject
Project("{9A19103F-16F7-4668-BE54-9A1E7A4F7556}") = "Tasks", "Tasks\Tasks.csproj", "{461037FC-B38B-4D32-A508-6082D7311E04}"
EndProject
Project("{FAE04EC0-301F-11D3-BF4B-00C04F79EFBC}") = "AsyncAwait", "AsyncAwait\AsyncAwait.csproj", "{4E15EE97-20DE-4937-BDA9-346CC3650227}"
EndProject
Global
	GlobalSection(SolutionConfigurationPlatforms) = preSolution
		Debug|Any CPU = Debug|Any CPU
		Release|Any CPU = Release|Any CPU
	EndGlobalSection
	GlobalSection(ProjectConfigurationPlatforms) = postSolution
		{1FE9F0CD-46E5-4021-BFD3-3AACD4100A30}.Debug|Any CPU.ActiveCfg = Debug|Any CPU
		{1FE9F0CD-46E5-4021-BFD3-3AACD4100A30}.Debug|Any CPU.Build.0 = Debug|Any CPU
		{1FE9F0CD-46E5-4021-BFD3-3AACD4100A30}.Release|Any CPU.ActiveCfg = Release|Any CPU
		{1FE9F0CD-46E5-4021-BFD3-3AACD4100A30}.Release|Any CPU.Build.0 = Release|Any CPU
		{461037FC-B38B-4D32-A508-6082D7311E04}.Debug|Any CPU.ActiveCfg = Debug|Any CPU
		{461037FC-B38B-4D32-A508-6082D7311E04}.Debug|Any CPU.Build.0 = Debug|Any CPU
		{461037FC-B38B-4D32-A508-6082D7311E04}.Release|Any CPU.ActiveCfg = Release|Any CPU
		{461037FC-B38B-4D32-A508-6082D7311E04}.Release|Any CPU.Build.0 = Release|Any CPU
		{4E15EE97-20DE-4937-BDA9-346CC3650227}.Debug|Any CPU.ActiveCfg = Debug|Any CPU
		{4E15EE97-20DE-4937-BDA9-346CC3650227}.Debug|Any CPU.Build.0 = Debug|Any CPU
		{4E15EE97-20DE-4937-BDA9-346CC3650227}.Release|Any CPU.ActiveCfg = Release|Any CPU
		{4E15EE97-20DE-4937-BDA9-346CC3650227}.Release|Any CPU.Build.0 = Release|Any CPU
	EndGlobalSection
	GlobalSection(SolutionProperties) = preSolution
		HideSolutionNode = FALSE
	EndGlobalSection
	GlobalSection(ExtensibilityGlobals) = postSolution
		SolutionGuid = {EBD8E468-1EDA-4273-A3AC-288769A01B40}
	EndGlobalSection
EndGlobal
