
Microsoft Visual Studio Solution File, Format Version 12.00
# Visual Studio Version 17
VisualStudioVersion = 17.9.34714.143
MinimumVisualStudioVersion = 10.0.40219.1
Project("{FAE04EC0-301F-11D3-BF4B-00C04F79EFBC}") = "Examples", "Examples\Examples.csproj", "{40F814F0-B28C-4873-AB3F-A6CA548AB05F}"
EndProject
Global
	GlobalSection(SolutionConfigurationPlatforms) = preSolution
		Debug|Any CPU = Debug|Any CPU
		Release|Any CPU = Release|Any CPU
	EndGlobalSection
	GlobalSection(ProjectConfigurationPlatforms) = postSolution
		{40F814F0-B28C-4873-AB3F-A6CA548AB05F}.Debug|Any CPU.ActiveCfg = Debug|Any CPU
		{40F814F0-B28C-4873-AB3F-A6CA548AB05F}.Debug|Any CPU.Build.0 = Debug|Any CPU
		{40F814F0-B28C-4873-AB3F-A6CA548AB05F}.Release|Any CPU.ActiveCfg = Release|Any CPU
		{40F814F0-B28C-4873-AB3F-A6CA548AB05F}.Release|Any CPU.Build.0 = Release|Any CPU
	EndGlobalSection
	GlobalSection(SolutionProperties) = preSolution
		HideSolutionNode = FALSE
	EndGlobalSection
	GlobalSection(ExtensibilityGlobals) = postSolution
		SolutionGuid = {72CD25E7-48F0-47EA-BACE-0469A6177D17}
	EndGlobalSection
EndGlobal
